
Microsoft Visual Studio Solution File, Format Version 12.00
# Visual Studio 15
VisualStudioVersion = 15.0.28307.421
MinimumVisualStudioVersion = 10.0.40219.1
Project("{FAE04EC0-301F-11D3-BF4B-00C04F79EFBC}") = "XamarinFirebaseStorage.Android", "XamarinFirebaseStorage\XamarinFirebaseStorage.Android\XamarinFirebaseStorage.Android.csproj", "{DA4BE279-CB29-41F9-9BEC-1693CE5967BC}"
EndProject
Project("{FAE04EC0-301F-11D3-BF4B-00C04F79EFBC}") = "XamarinFirebaseStorage.iOS", "XamarinFirebaseStorage\XamarinFirebaseStorage.iOS\XamarinFirebaseStorage.iOS.csproj", "{6A7617B9-252F-4CB1-B5EE-4170A2DF4F4E}"
EndProject
Project("{FAE04EC0-301F-11D3-BF4B-00C04F79EFBC}") = "XamarinFirebaseStorage", "XamarinFirebaseStorage\XamarinFirebaseStorage\XamarinFirebaseStorage.csproj", "{968B5E22-1FCF-41BD-9A14-2E2990134F1D}"
EndProject
Global
	GlobalSection(SolutionConfigurationPlatforms) = preSolution
		Ad-Hoc|Any CPU = Ad-Hoc|Any CPU
		Ad-Hoc|iPhone = Ad-Hoc|iPhone
		Ad-Hoc|iPhoneSimulator = Ad-Hoc|iPhoneSimulator
		AppStore|Any CPU = AppStore|Any CPU
		AppStore|iPhone = AppStore|iPhone
		AppStore|iPhoneSimulator = AppStore|iPhoneSimulator
		Debug|Any CPU = Debug|Any CPU
		Debug|iPhone = Debug|iPhone
		Debug|iPhoneSimulator = Debug|iPhoneSimulator
		Release|Any CPU = Release|Any CPU
		Release|iPhone = Release|iPhone
		Release|iPhoneSimulator = Release|iPhoneSimulator
	EndGlobalSection
	GlobalSection(ProjectConfigurationPlatforms) = postSolution
		{DA4BE279-CB29-41F9-9BEC-1693CE5967BC}.Ad-Hoc|Any CPU.ActiveCfg = Release|Any CPU
		{DA4BE279-CB29-41F9-9BEC-1693CE5967BC}.Ad-Hoc|Any CPU.Build.0 = Release|Any CPU
		{DA4BE279-CB29-41F9-9BEC-1693CE5967BC}.Ad-Hoc|Any CPU.Deploy.0 = Release|Any CPU
		{DA4BE279-CB29-41F9-9BEC-1693CE5967BC}.Ad-Hoc|iPhone.ActiveCfg = Release|Any CPU
		{DA4BE279-CB29-41F9-9BEC-1693CE5967BC}.Ad-Hoc|iPhone.Build.0 = Release|Any CPU
		{DA4BE279-CB29-41F9-9BEC-1693CE5967BC}.Ad-Hoc|iPhone.Deploy.0 = Release|Any CPU
		{DA4BE279-CB29-41F9-9BEC-1693CE5967BC}.Ad-Hoc|iPhoneSimulator.ActiveCfg = Release|Any CPU
		{DA4BE279-CB29-41F9-9BEC-1693CE5967BC}.Ad-Hoc|iPhoneSimulator.Build.0 = Release|Any CPU
		{DA4BE279-CB29-41F9-9BEC-1693CE5967BC}.Ad-Hoc|iPhoneSimulator.Deploy.0 = Release|Any CPU
		{DA4BE279-CB29-41F9-9BEC-1693CE5967BC}.AppStore|Any CPU.ActiveCfg = Release|Any CPU
		{DA4BE279-CB29-41F9-9BEC-1693CE5967BC}.AppStore|Any CPU.Build.0 = Release|Any CPU
		{DA4BE279-CB29-41F9-9BEC-1693CE5967BC}.AppStore|Any CPU.Deploy.0 = Release|Any CPU
		{DA4BE279-CB29-41F9-9BEC-1693CE5967BC}.AppStore|iPhone.ActiveCfg = Release|Any CPU
		{DA4BE279-CB29-41F9-9BEC-1693CE5967BC}.AppStore|iPhone.Build.0 = Release|Any CPU
		{DA4BE279-CB29-41F9-9BEC-1693CE5967BC}.AppStore|iPhone.Deploy.0 = Release|Any CPU
		{DA4BE279-CB29-41F9-9BEC-1693CE5967BC}.AppStore|iPhoneSimulator.ActiveCfg = Release|Any CPU
		{DA4BE279-CB29-41F9-9BEC-1693CE5967BC}.AppStore|iPhoneSimulator.Build.0 = Release|Any CPU
		{DA4BE279-CB29-41F9-9BEC-1693CE5967BC}.AppStore|iPhoneSimulator.Deploy.0 = Release|Any CPU
		{DA4BE279-CB29-41F9-9BEC-1693CE5967BC}.Debug|Any CPU.ActiveCfg = Debug|Any CPU
		{DA4BE279-CB29-41F9-9BEC-1693CE5967BC}.Debug|Any CPU.Build.0 = Debug|Any CPU
		{DA4BE279-CB29-41F9-9BEC-1693CE5967BC}.Debug|Any CPU.Deploy.0 = Debug|Any CPU
		{DA4BE279-CB29-41F9-9BEC-1693CE5967BC}.Debug|iPhone.ActiveCfg = Debug|Any CPU
		{DA4BE279-CB29-41F9-9BEC-1693CE5967BC}.Debug|iPhone.Build.0 = Debug|Any CPU
		{DA4BE279-CB29-41F9-9BEC-1693CE5967BC}.Debug|iPhone.Deploy.0 = Debug|Any CPU
		{DA4BE279-CB29-41F9-9BEC-1693CE5967BC}.Debug|iPhoneSimulator.ActiveCfg = Debug|Any CPU
		{DA4BE279-CB29-41F9-9BEC-1693CE5967BC}.Debug|iPhoneSimulator.Build.0 = Debug|Any CPU
		{DA4BE279-CB29-41F9-9BEC-1693CE5967BC}.Debug|iPhoneSimulator.Deploy.0 = Debug|Any CPU
		{DA4BE279-CB29-41F9-9BEC-1693CE5967BC}.Release|Any CPU.ActiveCfg = Release|Any CPU
		{DA4BE279-CB29-41F9-9BEC-1693CE5967BC}.Release|Any CPU.Build.0 = Release|Any CPU
		{DA4BE279-CB29-41F9-9BEC-1693CE5967BC}.Release|Any CPU.Deploy.0 = Release|Any CPU
		{DA4BE279-CB29-41F9-9BEC-1693CE5967BC}.Release|iPhone.ActiveCfg = Release|Any CPU
		{DA4BE279-CB29-41F9-9BEC-1693CE5967BC}.Release|iPhone.Build.0 = Release|Any CPU
		{DA4BE279-CB29-41F9-9BEC-1693CE5967BC}.Release|iPhone.Deploy.0 = Release|Any CPU
		{DA4BE279-CB29-41F9-9BEC-1693CE5967BC}.Release|iPhoneSimulator.ActiveCfg = Release|Any CPU
		{DA4BE279-CB29-41F9-9BEC-1693CE5967BC}.Release|iPhoneSimulator.Build.0 = Release|Any CPU
		{DA4BE279-CB29-41F9-9BEC-1693CE5967BC}.Release|iPhoneSimulator.Deploy.0 = Release|Any CPU
		{6A7617B9-252F-4CB1-B5EE-4170A2DF4F4E}.Ad-Hoc|Any CPU.ActiveCfg = Ad-Hoc|iPhone
		{6A7617B9-252F-4CB1-B5EE-4170A2DF4F4E}.Ad-Hoc|Any CPU.Build.0 = Ad-Hoc|iPhone
		{6A7617B9-252F-4CB1-B5EE-4170A2DF4F4E}.Ad-Hoc|Any CPU.Deploy.0 = Ad-Hoc|iPhone
		{6A7617B9-252F-4CB1-B5EE-4170A2DF4F4E}.Ad-Hoc|iPhone.ActiveCfg = Ad-Hoc|iPhone
		{6A7617B9-252F-4CB1-B5EE-4170A2DF4F4E}.Ad-Hoc|iPhone.Build.0 = Ad-Hoc|iPhone
		{6A7617B9-252F-4CB1-B5EE-4170A2DF4F4E}.Ad-Hoc|iPhone.Deploy.0 = Ad-Hoc|iPhone
		{6A7617B9-252F-4CB1-B5EE-4170A2DF4F4E}.Ad-Hoc|iPhoneSimulator.ActiveCfg = Ad-Hoc|iPhoneSimulator
		{6A7617B9-252F-4CB1-B5EE-4170A2DF4F4E}.Ad-Hoc|iPhoneSimulator.Build.0 = Ad-Hoc|iPhoneSimulator
		{6A7617B9-252F-4CB1-B5EE-4170A2DF4F4E}.Ad-Hoc|iPhoneSimulator.Deploy.0 = Ad-Hoc|iPhoneSimulator
		{6A7617B9-252F-4CB1-B5EE-4170A2DF4F4E}.AppStore|Any CPU.ActiveCfg = AppStore|iPhone
		{6A7617B9-252F-4CB1-B5EE-4170A2DF4F4E}.AppStore|Any CPU.Build.0 = AppStore|iPhone
		{6A7617B9-252F-4CB1-B5EE-4170A2DF4F4E}.AppStore|Any CPU.Deploy.0 = AppStore|iPhone
		{6A7617B9-252F-4CB1-B5EE-4170A2DF4F4E}.AppStore|iPhone.ActiveCfg = AppStore|iPhone
		{6A7617B9-252F-4CB1-B5EE-4170A2DF4F4E}.AppStore|iPhone.Build.0 = AppStore|iPhone
		{6A7617B9-252F-4CB1-B5EE-4170A2DF4F4E}.AppStore|iPhone.Deploy.0 = AppStore|iPhone
		{6A7617B9-252F-4CB1-B5EE-4170A2DF4F4E}.AppStore|iPhoneSimulator.ActiveCfg = AppStore|iPhoneSimulator
		{6A7617B9-252F-4CB1-B5EE-4170A2DF4F4E}.AppStore|iPhoneSimulator.Build.0 = AppStore|iPhoneSimulator
		{6A7617B9-252F-4CB1-B5EE-4170A2DF4F4E}.AppStore|iPhoneSimulator.Deploy.0 = AppStore|iPhoneSimulator
		{6A7617B9-252F-4CB1-B5EE-4170A2DF4F4E}.Debug|Any CPU.ActiveCfg = Debug|iPhoneSimulator
		{6A7617B9-252F-4CB1-B5EE-4170A2DF4F4E}.Debug|Any CPU.Build.0 = Debug|iPhoneSimulator
		{6A7617B9-252F-4CB1-B5EE-4170A2DF4F4E}.Debug|Any CPU.Deploy.0 = Debug|iPhoneSimulator
		{6A7617B9-252F-4CB1-B5EE-4170A2DF4F4E}.Debug|iPhone.ActiveCfg = Debug|iPhone
		{6A7617B9-252F-4CB1-B5EE-4170A2DF4F4E}.Debug|iPhone.Build.0 = Debug|iPhone
		{6A7617B9-252F-4CB1-B5EE-4170A2DF4F4E}.Debug|iPhone.Deploy.0 = Debug|iPhone
		{6A7617B9-252F-4CB1-B5EE-4170A2DF4F4E}.Debug|iPhoneSimulator.ActiveCfg = Debug|iPhoneSimulator
		{6A7617B9-252F-4CB1-B5EE-4170A2DF4F4E}.Debug|iPhoneSimulator.Build.0 = Debug|iPhoneSimulator
		{6A7617B9-252F-4CB1-B5EE-4170A2DF4F4E}.Debug|iPhoneSimulator.Deploy.0 = Debug|iPhoneSimulator
		{6A7617B9-252F-4CB1-B5EE-4170A2DF4F4E}.Release|Any CPU.ActiveCfg = Release|iPhone
		{6A7617B9-252F-4CB1-B5EE-4170A2DF4F4E}.Release|Any CPU.Build.0 = Release|iPhone
		{6A7617B9-252F-4CB1-B5EE-4170A2DF4F4E}.Release|Any CPU.Deploy.0 = Release|iPhone
		{6A7617B9-252F-4CB1-B5EE-4170A2DF4F4E}.Release|iPhone.ActiveCfg = Release|iPhone
		{6A7617B9-252F-4CB1-B5EE-4170A2DF4F4E}.Release|iPhone.Build.0 = Release|iPhone
		{6A7617B9-252F-4CB1-B5EE-4170A2DF4F4E}.Release|iPhone.Deploy.0 = Release|iPhone
		{6A7617B9-252F-4CB1-B5EE-4170A2DF4F4E}.Release|iPhoneSimulator.ActiveCfg = Release|iPhoneSimulator
		{6A7617B9-252F-4CB1-B5EE-4170A2DF4F4E}.Release|iPhoneSimulator.Build.0 = Release|iPhoneSimulator
		{6A7617B9-252F-4CB1-B5EE-4170A2DF4F4E}.Release|iPhoneSimulator.Deploy.0 = Release|iPhoneSimulator
		{968B5E22-1FCF-41BD-9A14-2E2990134F1D}.Ad-Hoc|Any CPU.ActiveCfg = Debug|Any CPU
		{968B5E22-1FCF-41BD-9A14-2E2990134F1D}.Ad-Hoc|Any CPU.Build.0 = Debug|Any CPU
		{968B5E22-1FCF-41BD-9A14-2E2990134F1D}.Ad-Hoc|Any CPU.Deploy.0 = Debug|Any CPU
		{968B5E22-1FCF-41BD-9A14-2E2990134F1D}.Ad-Hoc|iPhone.ActiveCfg = Debug|Any CPU
		{968B5E22-1FCF-41BD-9A14-2E2990134F1D}.Ad-Hoc|iPhone.Build.0 = Debug|Any CPU
		{968B5E22-1FCF-41BD-9A14-2E2990134F1D}.Ad-Hoc|iPhone.Deploy.0 = Debug|Any CPU
		{968B5E22-1FCF-41BD-9A14-2E2990134F1D}.Ad-Hoc|iPhoneSimulator.ActiveCfg = Debug|Any CPU
		{968B5E22-1FCF-41BD-9A14-2E2990134F1D}.Ad-Hoc|iPhoneSimulator.Build.0 = Debug|Any CPU
		{968B5E22-1FCF-41BD-9A14-2E2990134F1D}.Ad-Hoc|iPhoneSimulator.Deploy.0 = Debug|Any CPU
		{968B5E22-1FCF-41BD-9A14-2E2990134F1D}.AppStore|Any CPU.ActiveCfg = Debug|Any CPU
		{968B5E22-1FCF-41BD-9A14-2E2990134F1D}.AppStore|Any CPU.Build.0 = Debug|Any CPU
		{968B5E22-1FCF-41BD-9A14-2E2990134F1D}.AppStore|Any CPU.Deploy.0 = Debug|Any CPU
		{968B5E22-1FCF-41BD-9A14-2E2990134F1D}.AppStore|iPhone.ActiveCfg = Debug|Any CPU
		{968B5E22-1FCF-41BD-9A14-2E2990134F1D}.AppStore|iPhone.Build.0 = Debug|Any CPU
		{968B5E22-1FCF-41BD-9A14-2E2990134F1D}.AppStore|iPhone.Deploy.0 = Debug|Any CPU
		{968B5E22-1FCF-41BD-9A14-2E2990134F1D}.AppStore|iPhoneSimulator.ActiveCfg = Debug|Any CPU
		{968B5E22-1FCF-41BD-9A14-2E2990134F1D}.AppStore|iPhoneSimulator.Build.0 = Debug|Any CPU
		{968B5E22-1FCF-41BD-9A14-2E2990134F1D}.AppStore|iPhoneSimulator.Deploy.0 = Debug|Any CPU
		{968B5E22-1FCF-41BD-9A14-2E2990134F1D}.Debug|Any CPU.ActiveCfg = Debug|Any CPU
		{968B5E22-1FCF-41BD-9A14-2E2990134F1D}.Debug|Any CPU.Build.0 = Debug|Any CPU
		{968B5E22-1FCF-41BD-9A14-2E2990134F1D}.Debug|Any CPU.Deploy.0 = Debug|Any CPU
		{968B5E22-1FCF-41BD-9A14-2E2990134F1D}.Debug|iPhone.ActiveCfg = Debug|Any CPU
		{968B5E22-1FCF-41BD-9A14-2E2990134F1D}.Debug|iPhone.Build.0 = Debug|Any CPU
		{968B5E22-1FCF-41BD-9A14-2E2990134F1D}.Debug|iPhone.Deploy.0 = Debug|Any CPU
		{968B5E22-1FCF-41BD-9A14-2E2990134F1D}.Debug|iPhoneSimulator.ActiveCfg = Debug|Any CPU
		{968B5E22-1FCF-41BD-9A14-2E2990134F1D}.Debug|iPhoneSimulator.Build.0 = Debug|Any CPU
		{968B5E22-1FCF-41BD-9A14-2E2990134F1D}.Debug|iPhoneSimulator.Deploy.0 = Debug|Any CPU
		{968B5E22-1FCF-41BD-9A14-2E2990134F1D}.Release|Any CPU.ActiveCfg = Release|Any CPU
		{968B5E22-1FCF-41BD-9A14-2E2990134F1D}.Release|Any CPU.Build.0 = Release|Any CPU
		{968B5E22-1FCF-41BD-9A14-2E2990134F1D}.Release|Any CPU.Deploy.0 = Release|Any CPU
		{968B5E22-1FCF-41BD-9A14-2E2990134F1D}.Release|iPhone.ActiveCfg = Release|Any CPU
		{968B5E22-1FCF-41BD-9A14-2E2990134F1D}.Release|iPhone.Build.0 = Release|Any CPU
		{968B5E22-1FCF-41BD-9A14-2E2990134F1D}.Release|iPhone.Deploy.0 = Release|Any CPU
		{968B5E22-1FCF-41BD-9A14-2E2990134F1D}.Release|iPhoneSimulator.ActiveCfg = Release|Any CPU
		{968B5E22-1FCF-41BD-9A14-2E2990134F1D}.Release|iPhoneSimulator.Build.0 = Release|Any CPU
		{968B5E22-1FCF-41BD-9A14-2E2990134F1D}.Release|iPhoneSimulator.Deploy.0 = Release|Any CPU
	EndGlobalSection
	GlobalSection(SolutionProperties) = preSolution
		HideSolutionNode = FALSE
	EndGlobalSection
	GlobalSection(ExtensibilityGlobals) = postSolution
		SolutionGuid = {E50EAF76-77E6-4273-B672-281921801AD5}
	EndGlobalSection
EndGlobal
